
Microsoft Visual Studio Solution File, Format Version 12.00
# Visual Studio Version 16
VisualStudioVersion = 16.0.30711.63
MinimumVisualStudioVersion = 10.0.40219.1
Project("{FAE04EC0-301F-11D3-BF4B-00C04F79EFBC}") = "form", "form\form.csproj", "{90D95DB7-35E4-4A12-8B2E-E7BA1BD9FC60}"
EndProject
Global
	GlobalSection(SolutionConfigurationPlatforms) = preSolution
		Debug|Any CPU = Debug|Any CPU
		Release|Any CPU = Release|Any CPU
	EndGlobalSection
	GlobalSection(ProjectConfigurationPlatforms) = postSolution
		{90D95DB7-35E4-4A12-8B2E-E7BA1BD9FC60}.Debug|Any CPU.ActiveCfg = Debug|Any CPU
		{90D95DB7-35E4-4A12-8B2E-E7BA1BD9FC60}.Debug|Any CPU.Build.0 = Debug|Any CPU
		{90D95DB7-35E4-4A12-8B2E-E7BA1BD9FC60}.Release|Any CPU.ActiveCfg = Release|Any CPU
		{90D95DB7-35E4-4A12-8B2E-E7BA1BD9FC60}.Release|Any CPU.Build.0 = Release|Any CPU
	EndGlobalSection
	GlobalSection(SolutionProperties) = preSolution
		HideSolutionNode = FALSE
	EndGlobalSection
	GlobalSection(ExtensibilityGlobals) = postSolution
		SolutionGuid = {3ECDD22D-43AD-41BB-9070-F62025C81568}
	EndGlobalSection
EndGlobal
